dependencies:
- name: milvus
  repository: https://zilliztech.github.io/milvus-helm
  version: 4.1.26
- name: airflow
  repository: https://airflow.apache.org
  version: 1.13.1
- name: mysql
  repository: https://charts.bitnami.com/bitnami
  version: 10.1.0
- name: adminer
  repository: https://cetic.github.io/helm-charts
  version: 0.2.1
- name: redis
  repository: https://charts.bitnami.com/bitnami
  version: 19.0.1
digest: sha256:a451f074992366741d9a9023739d96eaa27e2d58a113dcc8d8d46b82aad8b068
generated: "2024-04-10T02:57:27.256074612Z"
