dependencies:
- name: milvus
  repository: https://zilliztech.github.io/milvus-helm
  version: 4.1.26
- name: airflow
  repository: https://airflow.apache.org
  version: 1.13.0
- name: mysql
  repository: https://charts.bitnami.com/bitnami
  version: 10.1.0
- name: redis
  repository: https://charts.bitnami.com/bitnami
  version: 19.0.1
digest: sha256:b3623e9f65c65fe4c4fd770eeb37313e6ba9d949236a382ce52e6b730c08aa97
generated: "2024-03-22T23:27:34.746126283Z"
